{
  "nodes": {
    "keycloak-realms": {
      "locked": {
        "lastModified": 1721562747,
        "narHash": "sha256-uHNWpe/j5Q7Ak9+SNQkCPy7t9ayQUDAt+2tZ7OFYv6Q=",
        "owner": "rorosen",
        "repo": "nixpkgs",
        "rev": "79862894befe49e2837e3f5eefe11433eef6611a",
        "type": "github"
      },
      "original": {
        "owner": "rorosen",
        "ref": "keycloak-realm-import",
        "repo": "nixpkgs",
        "type": "github"
      }
    },
    "nixos-shell": {
      "inputs": {
        "nixpkgs": "nixpkgs"
      },
      "locked": {
        "lastModified": 1723616342,
        "narHash": "sha256-plRKXQqww7easx0wgGKAkOJH1TW/PeeB20dq9XUN8J4=",
        "owner": "Mic92",
        "repo": "nixos-shell",
        "rev": "93e314cdd16d4c3e3baf25b54734461c45a5d1ad",
        "type": "github"
      },
      "original": {
        "owner": "Mic92",
        "repo": "nixos-shell",
        "type": "github"
      }
    },
    "nixpkgs": {
      "locked": {
        "lastModified": 1628465643,
        "narHash": "sha256-QSNw9bDq9uGUniQQtakRuw4m21Jxugm23SXLVgEV4DM=",
        "owner": "NixOS",
        "repo": "nixpkgs",
        "rev": "6ef4f522d63f22b40004319778761040d3197390",
        "type": "github"
      },
      "original": {
        "id": "nixpkgs",
        "ref": "nixos-unstable",
        "type": "indirect"
      }
    },
    "nixpkgs_2": {
      "locked": {
        "lastModified": 1725625109,
        "narHash": "sha256-pMOPVZHRz7fJhuj1lfRqyJTWjAbM96vyrc0btDa56Qc=",
        "owner": "onny",
        "repo": "nixpkgs",
        "rev": "28cd3a0d7e4412e337632c1d6666d8de01cf7183",
        "type": "github"
      },
      "original": {
        "owner": "onny",
        "ref": "composer-update",
        "repo": "nixpkgs",
        "type": "github"
      }
    },
    "root": {
      "inputs": {
        "keycloak-realms": "keycloak-realms",
        "nixos-shell": "nixos-shell",
        "nixpkgs": "nixpkgs_2"
      }
    }
  },
  "root": "root",
  "version": 7
}
