{
  "nodes": {
    "eslint": {
      "locked": {
        "lastModified": 1724837771,
        "narHash": "sha256-5j1sZjDSnrNqrVy7rR92tl5PByvKxc2NMSI7CMXk17g=",
        "owner": "onny",
        "repo": "nixpkgs",
        "rev": "11f8b6c9852ccc560f63e659286e27ce3162bcb3",
        "type": "github"
      },
      "original": {
        "owner": "onny",
        "ref": "eslint",
        "repo": "nixpkgs",
        "type": "github"
      }
    },
    "keycloak-realms": {
      "locked": {
        "lastModified": 1721562747,
        "narHash": "sha256-uHNWpe/j5Q7Ak9+SNQkCPy7t9ayQUDAt+2tZ7OFYv6Q=",
        "owner": "rorosen",
        "repo": "nixpkgs",
        "rev": "79862894befe49e2837e3f5eefe11433eef6611a",
        "type": "github"
      },
      "original": {
        "owner": "rorosen",
        "ref": "keycloak-realm-import",
        "repo": "nixpkgs",
        "type": "github"
      }
    },
    "licensedigger": {
      "locked": {
        "lastModified": 1724834768,
        "narHash": "sha256-VXI8rKoDiq+YQxUOt+AQ2NgS+BoneS/z2NVa0+EZztU=",
        "owner": "onny",
        "repo": "nixpkgs",
        "rev": "711ae571d2d4f63dd3a02feefb97c4fecf6840a3",
        "type": "github"
      },
      "original": {
        "owner": "onny",
        "ref": "licensedigger",
        "repo": "nixpkgs",
        "type": "github"
      }
    },
    "nixos-shell": {
      "inputs": {
        "nixpkgs": "nixpkgs"
      },
      "locked": {
        "lastModified": 1723616342,
        "narHash": "sha256-plRKXQqww7easx0wgGKAkOJH1TW/PeeB20dq9XUN8J4=",
        "owner": "Mic92",
        "repo": "nixos-shell",
        "rev": "93e314cdd16d4c3e3baf25b54734461c45a5d1ad",
        "type": "github"
      },
      "original": {
        "owner": "Mic92",
        "repo": "nixos-shell",
        "type": "github"
      }
    },
    "nixpkgs": {
      "locked": {
        "lastModified": 1628465643,
        "narHash": "sha256-QSNw9bDq9uGUniQQtakRuw4m21Jxugm23SXLVgEV4DM=",
        "owner": "NixOS",
        "repo": "nixpkgs",
        "rev": "6ef4f522d63f22b40004319778761040d3197390",
        "type": "github"
      },
      "original": {
        "id": "nixpkgs",
        "ref": "nixos-unstable",
        "type": "indirect"
      }
    },
    "nixpkgs_2": {
      "locked": {
        "lastModified": 1724830280,
        "narHash": "sha256-+gOB/YVMvgUU9C46APzTN5BgN6zetHyQNzJ9e1FnEJo=",
        "owner": "onny",
        "repo": "nixpkgs",
        "rev": "1ae627bb9595f0c761275d2755ec34a4d8709bc2",
        "type": "github"
      },
      "original": {
        "owner": "onny",
        "ref": "hmr-enabler",
        "repo": "nixpkgs",
        "type": "github"
      }
    },
    "root": {
      "inputs": {
        "eslint": "eslint",
        "keycloak-realms": "keycloak-realms",
        "licensedigger": "licensedigger",
        "nixos-shell": "nixos-shell",
        "nixpkgs": "nixpkgs_2"
      }
    }
  },
  "root": "root",
  "version": 7
}
